
Microsoft Visual Studio Solution File, Format Version 12.00
# Visual Studio 15
VisualStudioVersion = 15.0.28307.1209
MinimumVisualStudioVersion = 10.0.40219.1
Project("{FAE04EC0-301F-11D3-BF4B-00C04F79EFBC}") = "Models", "Models\Models.csproj", "{76638BFC-B202-4CE7-BB07-F9D38032E5E7}"
EndProject
Project("{FAE04EC0-301F-11D3-BF4B-00C04F79EFBC}") = "DAL", "DAL\DAL.csproj", "{CCD63398-2A77-4AF9-964A-A13204EE256F}"
EndProject
Project("{FAE04EC0-301F-11D3-BF4B-00C04F79EFBC}") = "EF_ProjectWork", "EF_ProjectWork\EF_ProjectWork.csproj", "{1F1021CB-D6C8-4A30-8659-103A8148A762}"
EndProject
Global
	GlobalSection(SolutionConfigurationPlatforms) = preSolution
		Debug|Any CPU = Debug|Any CPU
		Release|Any CPU = Release|Any CPU
	EndGlobalSection
	GlobalSection(ProjectConfigurationPlatforms) = postSolution
		{76638BFC-B202-4CE7-BB07-F9D38032E5E7}.Debug|Any CPU.ActiveCfg = Debug|Any CPU
		{76638BFC-B202-4CE7-BB07-F9D38032E5E7}.Debug|Any CPU.Build.0 = Debug|Any CPU
		{76638BFC-B202-4CE7-BB07-F9D38032E5E7}.Release|Any CPU.ActiveCfg = Release|Any CPU
		{76638BFC-B202-4CE7-BB07-F9D38032E5E7}.Release|Any CPU.Build.0 = Release|Any CPU
		{CCD63398-2A77-4AF9-964A-A13204EE256F}.Debug|Any CPU.ActiveCfg = Debug|Any CPU
		{CCD63398-2A77-4AF9-964A-A13204EE256F}.Debug|Any CPU.Build.0 = Debug|Any CPU
		{CCD63398-2A77-4AF9-964A-A13204EE256F}.Release|Any CPU.ActiveCfg = Release|Any CPU
		{CCD63398-2A77-4AF9-964A-A13204EE256F}.Release|Any CPU.Build.0 = Release|Any CPU
		{1F1021CB-D6C8-4A30-8659-103A8148A762}.Debug|Any CPU.ActiveCfg = Debug|Any CPU
		{1F1021CB-D6C8-4A30-8659-103A8148A762}.Debug|Any CPU.Build.0 = Debug|Any CPU
		{1F1021CB-D6C8-4A30-8659-103A8148A762}.Release|Any CPU.ActiveCfg = Release|Any CPU
		{1F1021CB-D6C8-4A30-8659-103A8148A762}.Release|Any CPU.Build.0 = Release|Any CPU
	EndGlobalSection
	GlobalSection(SolutionProperties) = preSolution
		HideSolutionNode = FALSE
	EndGlobalSection
	GlobalSection(ExtensibilityGlobals) = postSolution
		SolutionGuid = {92D98F92-0975-4BED-B683-8983E4A693F5}
	EndGlobalSection
EndGlobal
